version = 1
requires-python = ">=3.10"

[[package]]
name = "gen-lsp-tdm"
version = "2025.3.12.4"
source = { registry = "https://pypi.org/simple" }
dependencies = [
    { name = "sodatools" },
]
sdist = { url = "https://files.pythonhosted.org/packages/71/ba/4bde48416ba404d5f091aff03adc3839563a91b28fd9b0e89975beec9afe/gen_lsp_tdm-2025.3.12.4.tar.gz", hash = "sha256:ab5faaaa15f8542ce0da83e3c7064de4dad78c6314bec6f07b1b00271ac0d598", size = 8649 }
wheels = [
    { url = "https://files.pythonhosted.org/packages/3a/34/20cf895525926931c90f624d4286662644b3841119b538ac4ab466799fda/gen_lsp_tdm-2025.3.12.4-py3-none-any.whl", hash = "sha256:e264dcd9130be4a15045494f6ff3a6277e8ef059ca68ec73b941a06e3a227747", size = 9979 },
]

[[package]]
name = "lldb-typeinfo"
version = "2025.3.11.2"
source = { editable = "." }

[package.dev-dependencies]
dev = [
    { name = "gen-lsp-tdm" },
]

[package.metadata]

[package.metadata.requires-dev]
dev = [{ name = "gen-lsp-tdm", specifier = ">=2025.3.12.4" }]

[[package]]
name = "sodatools"
version = "2025.2.16.0"
source = { registry = "https://pypi.org/simple" }
sdist = { url = "https://files.pythonhosted.org/packages/20/18/0b1ed8f69f350fd63613c653250c42c292f730b50cf57b7a072e37700834/sodatools-2025.2.16.0.tar.gz", hash = "sha256:297eb126d9f93b440e7e5fc5c86593199e56eef7b89cd0897dfbbe931a94ff0b", size = 1014 }
wheels = [
    { url = "https://files.pythonhosted.org/packages/f3/d5/7ff84b93545cb70dab66ec1cc1cf590c826abf113a78bbe81c76dc120d83/sodatools-2025.2.16.0-py3-none-any.whl", hash = "sha256:17fdd6e477ebc8488851d88af66c1a49bcd83efc732e17566598efe7001afe82", size = 1416 },
]
